[[package]]
category = "main"
description = "Read metadata from Python packages"
marker = "python_version < \"3.8\""
name = "importlib-metadata"
optional = false
python-versions = "!=3.0.*,!=3.1.*,!=3.2.*,!=3.3.*,!=3.4.*,>=2.7"
version = "1.7.0"

[package.dependencies]
zipp = ">=0.5"

[package.extras]
docs = ["sphinx", "rst.linker"]
testing = ["packaging", "pep517", "importlib-resources (>=1.3)"]

[[package]]
category = "main"
description = "Like `diff` but for PostgreSQL schemas"
name = "migra"
optional = false
python-versions = "*"
version = "1.0.1604621856"

[package.dependencies]
schemainspect = ">=0.1.1603009162"
six = "*"
sqlbag = "*"

[package.extras]
pg = ["psycopg2-binary"]

[[package]]
category = "main"
description = "Object-oriented filesystem paths"
name = "pathlib"
optional = false
python-versions = "*"
version = "1.0.1"

[[package]]
category = "main"
description = "psycopg2 - Python-PostgreSQL Database Adapter"
name = "psycopg2-binary"
optional = false
python-versions = ">=2.7,!=3.0.*,!=3.1.*,!=3.2.*,!=3.3.*"
version = "2.8.6"

[[package]]
category = "main"
description = "Schema inspection for PostgreSQL (and possibly others)"
name = "schemainspect"
optional = false
python-versions = "*"
version = "0.1.1603448192"

[package.dependencies]
six = "*"
sqlalchemy = "*"

[[package]]
category = "main"
description = "Python 2 and 3 compatibility utilities"
name = "six"
optional = false
python-versions = ">=2.7, !=3.0.*, !=3.1.*, !=3.2.*"
version = "1.15.0"

[[package]]
category = "main"
description = "Database Abstraction Library"
name = "sqlalchemy"
optional = false
python-versions = ">=2.7, !=3.0.*, !=3.1.*, !=3.2.*, !=3.3.*"
version = "1.3.20"

[package.extras]
mssql = ["pyodbc"]
mssql_pymssql = ["pymssql"]
mssql_pyodbc = ["pyodbc"]
mysql = ["mysqlclient"]
oracle = ["cx-oracle"]
postgresql = ["psycopg2"]
postgresql_pg8000 = ["pg8000"]
postgresql_psycopg2binary = ["psycopg2-binary"]
postgresql_psycopg2cffi = ["psycopg2cffi"]
pymysql = ["pymysql"]

[[package]]
category = "main"
description = "various snippets of SQL-related boilerplate"
name = "sqlbag"
optional = false
python-versions = "*"
version = "0.1.1579049654"

[package.dependencies]
pathlib = "*"
six = "*"
sqlalchemy = "*"

[package.extras]
maria = ["pymysql"]
pendulum = ["pendulum", "relativedelta"]
pg = ["psycopg2"]

[[package]]
category = "main"
description = "Style preserving TOML library"
name = "tomlkit"
optional = false
python-versions = ">=2.7, !=3.0.*, !=3.1.*, !=3.2.*, !=3.3.*"
version = "0.6.0"

[[package]]
category = "main"
description = "Backport of pathlib-compatible object wrapper for zip files"
marker = "python_version < \"3.8\""
name = "zipp"
optional = false
python-versions = ">=3.6"
version = "3.4.0"

[package.extras]
docs = ["sphinx", "jaraco.packaging (>=3.2)", "rst.linker (>=1.9)"]
testing = ["pytest (>=3.5,<3.7.3 || >3.7.3)", "pytest-checkdocs (>=1.2.3)", "pytest-flake8", "pytest-cov", "jaraco.test (>=3.2.0)", "jaraco.itertools", "func-timeout", "pytest-black (>=0.3.7)", "pytest-mypy"]

[metadata]
content-hash = "303a6a885cb9ef4145edf0ed15999e99433401ba0289a2d24063aa6cbf5f4bfc"
python-versions = "^3.7"

[metadata.files]
importlib-metadata = [
    {file = "importlib_metadata-1.7.0-py2.py3-none-any.whl", hash = "sha256:dc15b2969b4ce36305c51eebe62d418ac7791e9a157911d58bfb1f9ccd8e2070"},
    {file = "importlib_metadata-1.7.0.tar.gz", hash = "sha256:90bb658cdbbf6d1735b6341ce708fc7024a3e14e99ffdc5783edea9f9b077f83"},
]
migra = [
    {file = "migra-1.0.1604621856-py2.py3-none-any.whl", hash = "sha256:172d86d84de9d9b066f270126ac29577a3dc2be85ab70e64a9c11ee1bf24eca3"},
    {file = "migra-1.0.1604621856.tar.gz", hash = "sha256:c826bddeab6523394fc8dea6caa6c49d366ef1a8c1bc8b5f6fff3f61f63054e2"},
]
pathlib = [
    {file = "pathlib-1.0.1.tar.gz", hash = "sha256:6940718dfc3eff4258203ad5021090933e5c04707d5ca8cc9e73c94a7894ea9f"},
]
psycopg2-binary = [
    {file = "psycopg2-binary-2.8.6.tar.gz", hash = "sha256:11b9c0ebce097180129e422379b824ae21c8f2a6596b159c7659e2e5a00e1aa0"},
    {file = "psycopg2_binary-2.8.6-cp27-cp27m-macosx_10_6_intel.macosx_10_9_intel.macosx_10_9_x86_64.macosx_10_10_intel.macosx_10_10_x86_64.whl", hash = "sha256:d14b140a4439d816e3b1229a4a525df917d6ea22a0771a2a78332273fd9528a4"},
    {file = "psycopg2_binary-2.8.6-cp27-cp27m-manylinux1_i686.whl", hash = "sha256:1fabed9ea2acc4efe4671b92c669a213db744d2af8a9fc5d69a8e9bc14b7a9db"},
    {file = "psycopg2_binary-2.8.6-cp27-cp27m-manylinux1_x86_64.whl", hash = "sha256:f5ab93a2cb2d8338b1674be43b442a7f544a0971da062a5da774ed40587f18f5"},
    {file = "psycopg2_binary-2.8.6-cp27-cp27m-win32.whl", hash = "sha256:b4afc542c0ac0db720cf516dd20c0846f71c248d2b3d21013aa0d4ef9c71ca25"},
    {file = "psycopg2_binary-2.8.6-cp27-cp27m-win_amd64.whl", hash = "sha256:e74a55f6bad0e7d3968399deb50f61f4db1926acf4a6d83beaaa7df986f48b1c"},
    {file = "psycopg2_binary-2.8.6-cp27-cp27mu-manylinux1_i686.whl", hash = "sha256:0deac2af1a587ae12836aa07970f5cb91964f05a7c6cdb69d8425ff4c15d4e2c"},
    {file = "psycopg2_binary-2.8.6-cp27-cp27mu-manylinux1_x86_64.whl", hash = "sha256:ad20d2eb875aaa1ea6d0f2916949f5c08a19c74d05b16ce6ebf6d24f2c9f75d1"},
    {file = "psycopg2_binary-2.8.6-cp34-cp34m-win32.whl", hash = "sha256:950bc22bb56ee6ff142a2cb9ee980b571dd0912b0334aa3fe0fe3788d860bea2"},
    {file = "psycopg2_binary-2.8.6-cp34-cp34m-win_amd64.whl", hash = "sha256:b8a3715b3c4e604bcc94c90a825cd7f5635417453b253499664f784fc4da0152"},
    {file = "psycopg2_binary-2.8.6-cp35-cp35m-macosx_10_6_intel.macosx_10_9_intel.macosx_10_9_x86_64.macosx_10_10_intel.macosx_10_10_x86_64.whl", hash = "sha256:d1b4ab59e02d9008efe10ceabd0b31e79519da6fb67f7d8e8977118832d0f449"},
    {file = "psycopg2_binary-2.8.6-cp35-cp35m-manylinux1_i686.whl", hash = "sha256:ac0c682111fbf404525dfc0f18a8b5f11be52657d4f96e9fcb75daf4f3984859"},
    {file = "psycopg2_binary-2.8.6-cp35-cp35m-manylinux1_x86_64.whl", hash = "sha256:7d92a09b788cbb1aec325af5fcba9fed7203897bbd9269d5691bb1e3bce29550"},
    {file = "psycopg2_binary-2.8.6-cp35-cp35m-win32.whl", hash = "sha256:aaa4213c862f0ef00022751161df35804127b78adf4a2755b9f991a507e425fd"},
    {file = "psycopg2_binary-2.8.6-cp35-cp35m-win_amd64.whl", hash = "sha256:c2507d796fca339c8fb03216364cca68d87e037c1f774977c8fc377627d01c71"},
    {file = "psycopg2_binary-2.8.6-cp36-cp36m-macosx_10_6_intel.macosx_10_9_intel.macosx_10_9_x86_64.macosx_10_10_intel.macosx_10_10_x86_64.whl", hash = "sha256:ee69dad2c7155756ad114c02db06002f4cded41132cc51378e57aad79cc8e4f4"},
    {file = "psycopg2_binary-2.8.6-cp36-cp36m-manylinux1_i686.whl", hash = "sha256:e82aba2188b9ba309fd8e271702bd0d0fc9148ae3150532bbb474f4590039ffb"},
    {file = "psycopg2_binary-2.8.6-cp36-cp36m-manylinux1_x86_64.whl", hash = "sha256:d5227b229005a696cc67676e24c214740efd90b148de5733419ac9aaba3773da"},
    {file = "psycopg2_binary-2.8.6-cp36-cp36m-win32.whl", hash = "sha256:a0eb43a07386c3f1f1ebb4dc7aafb13f67188eab896e7397aa1ee95a9c884eb2"},
    {file = "psycopg2_binary-2.8.6-cp36-cp36m-win_amd64.whl", hash = "sha256:e1f57aa70d3f7cc6947fd88636a481638263ba04a742b4a37dd25c373e41491a"},
    {file = "psycopg2_binary-2.8.6-cp37-cp37m-macosx_10_6_intel.macosx_10_9_intel.macosx_10_9_x86_64.macosx_10_10_intel.macosx_10_10_x86_64.whl", hash = "sha256:833709a5c66ca52f1d21d41865a637223b368c0ee76ea54ca5bad6f2526c7679"},
    {file = "psycopg2_binary-2.8.6-cp37-cp37m-manylinux1_i686.whl", hash = "sha256:ba28584e6bca48c59eecbf7efb1576ca214b47f05194646b081717fa628dfddf"},
    {file = "psycopg2_binary-2.8.6-cp37-cp37m-manylinux1_x86_64.whl", hash = "sha256:6a32f3a4cb2f6e1a0b15215f448e8ce2da192fd4ff35084d80d5e39da683e79b"},
    {file = "psycopg2_binary-2.8.6-cp37-cp37m-win32.whl", hash = "sha256:0e4dc3d5996760104746e6cfcdb519d9d2cd27c738296525d5867ea695774e67"},
    {file = "psycopg2_binary-2.8.6-cp37-cp37m-win_amd64.whl", hash = "sha256:cec7e622ebc545dbb4564e483dd20e4e404da17ae07e06f3e780b2dacd5cee66"},
    {file = "psycopg2_binary-2.8.6-cp38-cp38-macosx_10_9_x86_64.macosx_10_9_intel.macosx_10_10_intel.macosx_10_10_x86_64.whl", hash = "sha256:ba381aec3a5dc29634f20692349d73f2d21f17653bda1decf0b52b11d694541f"},
    {file = "psycopg2_binary-2.8.6-cp38-cp38-manylinux1_i686.whl", hash = "sha256:a0c50db33c32594305b0ef9abc0cb7db13de7621d2cadf8392a1d9b3c437ef77"},
    {file = "psycopg2_binary-2.8.6-cp38-cp38-manylinux1_x86_64.whl", hash = "sha256:2dac98e85565d5688e8ab7bdea5446674a83a3945a8f416ad0110018d1501b94"},
    {file = "psycopg2_binary-2.8.6-cp38-cp38-win32.whl", hash = "sha256:bd1be66dde2b82f80afb9459fc618216753f67109b859a361cf7def5c7968729"},
    {file = "psycopg2_binary-2.8.6-cp38-cp38-win_amd64.whl", hash = "sha256:8cd0fb36c7412996859cb4606a35969dd01f4ea34d9812a141cd920c3b18be77"},
    {file = "psycopg2_binary-2.8.6-cp39-cp39-macosx_10_9_x86_64.macosx_10_9_intel.macosx_10_10_intel.macosx_10_10_x86_64.whl", hash = "sha256:89705f45ce07b2dfa806ee84439ec67c5d9a0ef20154e0e475e2b2ed392a5b83"},
    {file = "psycopg2_binary-2.8.6-cp39-cp39-manylinux1_i686.whl", hash = "sha256:42ec1035841b389e8cc3692277a0bd81cdfe0b65d575a2c8862cec7a80e62e52"},
    {file = "psycopg2_binary-2.8.6-cp39-cp39-manylinux1_x86_64.whl", hash = "sha256:7312e931b90fe14f925729cde58022f5d034241918a5c4f9797cac62f6b3a9dd"},
    {file = "psycopg2_binary-2.8.6-cp39-cp39-win32.whl", hash = "sha256:6422f2ff0919fd720195f64ffd8f924c1395d30f9a495f31e2392c2efafb5056"},
    {file = "psycopg2_binary-2.8.6-cp39-cp39-win_amd64.whl", hash = "sha256:15978a1fbd225583dd8cdaf37e67ccc278b5abecb4caf6b2d6b8e2b948e953f6"},
]
schemainspect = [
    {file = "schemainspect-0.1.1603448192-py2.py3-none-any.whl", hash = "sha256:209f511481cff5c0b1f0f874f833faba345c0fa87032ceedda9a704662d579f9"},
    {file = "schemainspect-0.1.1603448192.tar.gz", hash = "sha256:fa8ff44f62c20601b62be610d968908a119ccdcf4bf56bb627de6c0edb5d1627"},
]
six = [
    {file = "six-1.15.0-py2.py3-none-any.whl", hash = "sha256:8b74bedcbbbaca38ff6d7491d76f2b06b3592611af620f8426e82dddb04a5ced"},
    {file = "six-1.15.0.tar.gz", hash = "sha256:30639c035cdb23534cd4aa2dd52c3bf48f06e5f4a941509c8bafd8ce11080259"},
]
sqlalchemy = [
    {file = "SQLAlchemy-1.3.20-cp27-cp27m-macosx_10_14_x86_64.whl", hash = "sha256:bad73f9888d30f9e1d57ac8829f8a12091bdee4949b91db279569774a866a18e"},
    {file = "SQLAlchemy-1.3.20-cp27-cp27m-manylinux1_x86_64.whl", hash = "sha256:e32e3455db14602b6117f0f422f46bc297a3853ae2c322ecd1e2c4c04daf6ed5"},
    {file = "SQLAlchemy-1.3.20-cp27-cp27m-manylinux2010_x86_64.whl", hash = "sha256:5cdfe54c1e37279dc70d92815464b77cd8ee30725adc9350f06074f91dbfeed2"},
    {file = "SQLAlchemy-1.3.20-cp27-cp27m-win32.whl", hash = "sha256:2e9bd5b23bba8ae8ce4219c9333974ff5e103c857d9ff0e4b73dc4cb244c7d86"},
    {file = "SQLAlchemy-1.3.20-cp27-cp27m-win_amd64.whl", hash = "sha256:5d92c18458a4aa27497a986038d5d797b5279268a2de303cd00910658e8d149c"},
    {file = "SQLAlchemy-1.3.20-cp27-cp27mu-manylinux1_x86_64.whl", hash = "sha256:53fd857c6c8ffc0aa6a5a3a2619f6a74247e42ec9e46b836a8ffa4abe7aab327"},
    {file = "SQLAlchemy-1.3.20-cp27-cp27mu-manylinux2010_x86_64.whl", hash = "sha256:0a92745bb1ebbcb3985ed7bda379b94627f0edbc6c82e9e4bac4fb5647ae609a"},
    {file = "SQLAlchemy-1.3.20-cp35-cp35m-macosx_10_14_x86_64.whl", hash = "sha256:b6f036ecc017ec2e2cc2a40615b41850dc7aaaea6a932628c0afc73ab98ba3fb"},
    {file = "SQLAlchemy-1.3.20-cp35-cp35m-manylinux1_x86_64.whl", hash = "sha256:3aa6d45e149a16aa1f0c46816397e12313d5e37f22205c26e06975e150ffcf2a"},
    {file = "SQLAlchemy-1.3.20-cp35-cp35m-manylinux2010_x86_64.whl", hash = "sha256:ed53209b5f0f383acb49a927179fa51a6e2259878e164273ebc6815f3a752465"},
    {file = "SQLAlchemy-1.3.20-cp35-cp35m-manylinux2014_aarch64.whl", hash = "sha256:d3b709d64b5cf064972b3763b47139e4a0dc4ae28a36437757f7663f67b99710"},
    {file = "SQLAlchemy-1.3.20-cp35-cp35m-win32.whl", hash = "sha256:950f0e17ffba7a7ceb0dd056567bc5ade22a11a75920b0e8298865dc28c0eff6"},
    {file = "SQLAlchemy-1.3.20-cp35-cp35m-win_amd64.whl", hash = "sha256:8dcbf377529a9af167cbfc5b8acec0fadd7c2357fc282a1494c222d3abfc9629"},
    {file = "SQLAlchemy-1.3.20-cp36-cp36m-macosx_10_14_x86_64.whl", hash = "sha256:0157c269701d88f5faf1fa0e4560e4d814f210c01a5b55df3cab95e9346a8bcc"},
    {file = "SQLAlchemy-1.3.20-cp36-cp36m-manylinux1_x86_64.whl", hash = "sha256:7cd40cb4bc50d9e87b3540b23df6e6b24821ba7e1f305c1492b0806c33dbdbec"},
    {file = "SQLAlchemy-1.3.20-cp36-cp36m-manylinux2010_x86_64.whl", hash = "sha256:c092fe282de83d48e64d306b4bce03114859cdbfe19bf8a978a78a0d44ddadb1"},
    {file = "SQLAlchemy-1.3.20-cp36-cp36m-manylinux2014_aarch64.whl", hash = "sha256:166917a729b9226decff29416f212c516227c2eb8a9c9f920d69ced24e30109f"},
    {file = "SQLAlchemy-1.3.20-cp36-cp36m-win32.whl", hash = "sha256:632b32183c0cb0053194a4085c304bc2320e5299f77e3024556fa2aa395c2a8b"},
    {file = "SQLAlchemy-1.3.20-cp36-cp36m-win_amd64.whl", hash = "sha256:bbc58fca72ce45a64bb02b87f73df58e29848b693869e58bd890b2ddbb42d83b"},
    {file = "SQLAlchemy-1.3.20-cp37-cp37m-macosx_10_14_x86_64.whl", hash = "sha256:b15002b9788ffe84e42baffc334739d3b68008a973d65fad0a410ca5d0531980"},
    {file = "SQLAlchemy-1.3.20-cp37-cp37m-manylinux1_x86_64.whl", hash = "sha256:9e379674728f43a0cd95c423ac0e95262500f9bfd81d33b999daa8ea1756d162"},
    {file = "SQLAlchemy-1.3.20-cp37-cp37m-manylinux2010_x86_64.whl", hash = "sha256:2b5dafed97f778e9901b79cc01b88d39c605e0545b4541f2551a2fd785adc15b"},
    {file = "SQLAlchemy-1.3.20-cp37-cp37m-manylinux2014_aarch64.whl", hash = "sha256:fcdb3755a7c355bc29df1b5e6fb8226d5c8b90551d202d69d0076a8a5649d68b"},
    {file = "SQLAlchemy-1.3.20-cp37-cp37m-win32.whl", hash = "sha256:bca4d367a725694dae3dfdc86cf1d1622b9f414e70bd19651f5ac4fb3aa96d61"},
    {file = "SQLAlchemy-1.3.20-cp37-cp37m-win_amd64.whl", hash = "sha256:f605f348f4e6a2ba00acb3399c71d213b92f27f2383fc4abebf7a37368c12142"},
    {file = "SQLAlchemy-1.3.20-cp38-cp38-macosx_10_14_x86_64.whl", hash = "sha256:84f0ac4a09971536b38cc5d515d6add7926a7e13baa25135a1dbb6afa351a376"},
    {file = "SQLAlchemy-1.3.20-cp38-cp38-manylinux1_x86_64.whl", hash = "sha256:2909dffe5c9a615b7e6c92d1ac2d31e3026dc436440a4f750f4749d114d88ceb"},
    {file = "SQLAlchemy-1.3.20-cp38-cp38-manylinux2010_x86_64.whl", hash = "sha256:c3ab23ee9674336654bf9cac30eb75ac6acb9150dc4b1391bec533a7a4126471"},
    {file = "SQLAlchemy-1.3.20-cp38-cp38-manylinux2014_aarch64.whl", hash = "sha256:009e8388d4d551a2107632921320886650b46332f61dc935e70c8bcf37d8e0d6"},
    {file = "SQLAlchemy-1.3.20-cp38-cp38-win32.whl", hash = "sha256:bf53d8dddfc3e53a5bda65f7f4aa40fae306843641e3e8e701c18a5609471edf"},
    {file = "SQLAlchemy-1.3.20-cp38-cp38-win_amd64.whl", hash = "sha256:7c735c7a6db8ee9554a3935e741cf288f7dcbe8706320251eb38c412e6a4281d"},
    {file = "SQLAlchemy-1.3.20-cp39-cp39-macosx_10_14_x86_64.whl", hash = "sha256:4bdbdb8ca577c6c366d15791747c1de6ab14529115a2eb52774240c412a7b403"},
    {file = "SQLAlchemy-1.3.20-cp39-cp39-manylinux1_x86_64.whl", hash = "sha256:ce64a44c867d128ab8e675f587aae7f61bd2db836a3c4ba522d884cd7c298a77"},
    {file = "SQLAlchemy-1.3.20-cp39-cp39-manylinux2010_x86_64.whl", hash = "sha256:be41d5de7a8e241864189b7530ca4aaf56a5204332caa70555c2d96379e18079"},
    {file = "SQLAlchemy-1.3.20-cp39-cp39-manylinux2014_aarch64.whl", hash = "sha256:1f5f369202912be72fdf9a8f25067a5ece31a2b38507bb869306f173336348da"},
    {file = "SQLAlchemy-1.3.20-cp39-cp39-win32.whl", hash = "sha256:0cca1844ba870e81c03633a99aa3dc62256fb96323431a5dec7d4e503c26372d"},
    {file = "SQLAlchemy-1.3.20-cp39-cp39-win_amd64.whl", hash = "sha256:d05cef4a164b44ffda58200efcb22355350979e000828479971ebca49b82ddb1"},
    {file = "SQLAlchemy-1.3.20.tar.gz", hash = "sha256:d2f25c7f410338d31666d7ddedfa67570900e248b940d186b48461bd4e5569a1"},
]
sqlbag = [
    {file = "sqlbag-0.1.1579049654-py2.py3-none-any.whl", hash = "sha256:4beaffcd9335cb2f71c2f82a0e783da888f1a54c932b6e59d54f300cb062bc39"},
    {file = "sqlbag-0.1.1579049654.tar.gz", hash = "sha256:bf1aba13a062b0ef61d37ab6f4aa8808bc4bd830e0c14178238ac8185d298f42"},
]
tomlkit = [
    {file = "tomlkit-0.6.0-py2.py3-none-any.whl", hash = "sha256:e5d5f20809c2b09276a6c5d98fb0202325aee441a651db84ac12e0812ab7e569"},
    {file = "tomlkit-0.6.0.tar.gz", hash = "sha256:74f976908030ff164c0aa1edabe3bf83ea004b3daa5b0940b9c86a060c004e9a"},
]
zipp = [
    {file = "zipp-3.4.0-py3-none-any.whl", hash = "sha256:102c24ef8f171fd729d46599845e95c7ab894a4cf45f5de11a44cc7444fb1108"},
    {file = "zipp-3.4.0.tar.gz", hash = "sha256:ed5eee1974372595f9e416cc7bbeeb12335201d8081ca8a0743c954d4446e5cb"},
]
